
Microsoft Visual Studio Solution File, Format Version 12.00
# Visual Studio Version 17
VisualStudioVersion = 17.11.35208.52
MinimumVisualStudioVersion = 10.0.40219.1
Project("{FAE04EC0-301F-11D3-BF4B-00C04F79EFBC}") = "helpmepickmymain", "helpmepickmymain\helpmepickmymain.csproj", "{6554B79F-3F94-4842-9064-17CCC6CC7A0C}"
EndProject
Global
	GlobalSection(SolutionConfigurationPlatforms) = preSolution
		Debug|Any CPU = Debug|Any CPU
		Release|Any CPU = Release|Any CPU
	EndGlobalSection
	GlobalSection(ProjectConfigurationPlatforms) = postSolution
		{6554B79F-3F94-4842-9064-17CCC6CC7A0C}.Debug|Any CPU.ActiveCfg = Debug|Any CPU
		{6554B79F-3F94-4842-9064-17CCC6CC7A0C}.Debug|Any CPU.Build.0 = Debug|Any CPU
		{6554B79F-3F94-4842-9064-17CCC6CC7A0C}.Release|Any CPU.ActiveCfg = Release|Any CPU
		{6554B79F-3F94-4842-9064-17CCC6CC7A0C}.Release|Any CPU.Build.0 = Release|Any CPU
	EndGlobalSection
	GlobalSection(SolutionProperties) = preSolution
		HideSolutionNode = FALSE
	EndGlobalSection
	GlobalSection(ExtensibilityGlobals) = postSolution
		SolutionGuid = {54E87853-1F73-480F-AD4A-4CC33A6063B7}
	EndGlobalSection
EndGlobal
